
Microsoft Visual Studio Solution File, Format Version 12.00
# Visual Studio Version 16
VisualStudioVersion = 16.0.31005.135
MinimumVisualStudioVersion = 10.0.40219.1
Project("{9A19103F-16F7-4668-BE54-9A1E7A4F7556}") = "ConsoleUI", "ConsoleUI\ConsoleUI.csproj", "{23CB099D-181E-4DE3-8DFA-ABAEB4D68760}"
EndProject
Project("{9A19103F-16F7-4668-BE54-9A1E7A4F7556}") = "Business", "Business\Business.csproj", "{815F518D-4AEF-4A63-A27A-926502E0C06B}"
EndProject
Project("{9A19103F-16F7-4668-BE54-9A1E7A4F7556}") = "Entities", "Entities\Entities.csproj", "{991F8468-8AE3-49EF-A07D-123452C1F758}"
EndProject
Project("{9A19103F-16F7-4668-BE54-9A1E7A4F7556}") = "DataAccess", "DataAccess\DataAccess.csproj", "{BBBBCA9D-F217-42F4-AFA7-EEC2600CB2E2}"
EndProject
Project("{9A19103F-16F7-4668-BE54-9A1E7A4F7556}") = "Core", "Core\Core.csproj", "{E21784E0-F8F0-415C-A958-40FA34FE9582}"
EndProject
Project("{FAE04EC0-301F-11D3-BF4B-00C04F79EFBC}") = "WebAPI", "WebAPI\WebAPI.csproj", "{5A1ABA16-512C-4CC7-80EF-C7A1D8B26905}"
EndProject
Global
	GlobalSection(SolutionConfigurationPlatforms) = preSolution
		Debug|Any CPU = Debug|Any CPU
		Release|Any CPU = Release|Any CPU
	EndGlobalSection
	GlobalSection(ProjectConfigurationPlatforms) = postSolution
		{23CB099D-181E-4DE3-8DFA-ABAEB4D68760}.Debug|Any CPU.ActiveCfg = Debug|Any CPU
		{23CB099D-181E-4DE3-8DFA-ABAEB4D68760}.Debug|Any CPU.Build.0 = Debug|Any CPU
		{23CB099D-181E-4DE3-8DFA-ABAEB4D68760}.Release|Any CPU.ActiveCfg = Release|Any CPU
		{23CB099D-181E-4DE3-8DFA-ABAEB4D68760}.Release|Any CPU.Build.0 = Release|Any CPU
		{815F518D-4AEF-4A63-A27A-926502E0C06B}.Debug|Any CPU.ActiveCfg = Debug|Any CPU
		{815F518D-4AEF-4A63-A27A-926502E0C06B}.Debug|Any CPU.Build.0 = Debug|Any CPU
		{815F518D-4AEF-4A63-A27A-926502E0C06B}.Release|Any CPU.ActiveCfg = Release|Any CPU
		{815F518D-4AEF-4A63-A27A-926502E0C06B}.Release|Any CPU.Build.0 = Release|Any CPU
		{991F8468-8AE3-49EF-A07D-123452C1F758}.Debug|Any CPU.ActiveCfg = Debug|Any CPU
		{991F8468-8AE3-49EF-A07D-123452C1F758}.Debug|Any CPU.Build.0 = Debug|Any CPU
		{991F8468-8AE3-49EF-A07D-123452C1F758}.Release|Any CPU.ActiveCfg = Release|Any CPU
		{991F8468-8AE3-49EF-A07D-123452C1F758}.Release|Any CPU.Build.0 = Release|Any CPU
		{BBBBCA9D-F217-42F4-AFA7-EEC2600CB2E2}.Debug|Any CPU.ActiveCfg = Debug|Any CPU
		{BBBBCA9D-F217-42F4-AFA7-EEC2600CB2E2}.Debug|Any CPU.Build.0 = Debug|Any CPU
		{BBBBCA9D-F217-42F4-AFA7-EEC2600CB2E2}.Release|Any CPU.ActiveCfg = Release|Any CPU
		{BBBBCA9D-F217-42F4-AFA7-EEC2600CB2E2}.Release|Any CPU.Build.0 = Release|Any CPU
		{E21784E0-F8F0-415C-A958-40FA34FE9582}.Debug|Any CPU.ActiveCfg = Debug|Any CPU
		{E21784E0-F8F0-415C-A958-40FA34FE9582}.Debug|Any CPU.Build.0 = Debug|Any CPU
		{E21784E0-F8F0-415C-A958-40FA34FE9582}.Release|Any CPU.ActiveCfg = Release|Any CPU
		{E21784E0-F8F0-415C-A958-40FA34FE9582}.Release|Any CPU.Build.0 = Release|Any CPU
		{5A1ABA16-512C-4CC7-80EF-C7A1D8B26905}.Debug|Any CPU.ActiveCfg = Debug|Any CPU
		{5A1ABA16-512C-4CC7-80EF-C7A1D8B26905}.Debug|Any CPU.Build.0 = Debug|Any CPU
		{5A1ABA16-512C-4CC7-80EF-C7A1D8B26905}.Release|Any CPU.ActiveCfg = Release|Any CPU
		{5A1ABA16-512C-4CC7-80EF-C7A1D8B26905}.Release|Any CPU.Build.0 = Release|Any CPU
	EndGlobalSection
	GlobalSection(SolutionProperties) = preSolution
		HideSolutionNode = FALSE
	EndGlobalSection
	GlobalSection(ExtensibilityGlobals) = postSolution
		SolutionGuid = {36E909F7-35E3-4301-994C-75491E33C8C9}
	EndGlobalSection
EndGlobal
